
Microsoft Visual Studio Solution File, Format Version 12.00
# Visual Studio Version 17
VisualStudioVersion = 17.3.32825.248
MinimumVisualStudioVersion = 10.0.40219.1
Project("{FAE04EC0-301F-11D3-BF4B-00C04F79EFBC}") = "Labirint", "Labirint.csproj", "{658ABE4F-90C8-4FAB-AE56-0AFB223F7058}"
EndProject
Global
	GlobalSection(SolutionConfigurationPlatforms) = preSolution
		Debug|Any CPU = Debug|Any CPU
		Release|Any CPU = Release|Any CPU
	EndGlobalSection
	GlobalSection(ProjectConfigurationPlatforms) = postSolution
		{658ABE4F-90C8-4FAB-AE56-0AFB223F7058}.Debug|Any CPU.ActiveCfg = Debug|Any CPU
		{658ABE4F-90C8-4FAB-AE56-0AFB223F7058}.Debug|Any CPU.Build.0 = Debug|Any CPU
		{658ABE4F-90C8-4FAB-AE56-0AFB223F7058}.Release|Any CPU.ActiveCfg = Release|Any CPU
		{658ABE4F-90C8-4FAB-AE56-0AFB223F7058}.Release|Any CPU.Build.0 = Release|Any CPU
	EndGlobalSection
	GlobalSection(SolutionProperties) = preSolution
		HideSolutionNode = FALSE
	EndGlobalSection
	GlobalSection(ExtensibilityGlobals) = postSolution
		SolutionGuid = {14C7D99A-EE62-4B60-8E14-CD83DA50BBA8}
	EndGlobalSection
EndGlobal
